
Microsoft Visual Studio Solution File, Format Version 12.00
# Visual Studio Version 16
VisualStudioVersion = 16.0.29230.47
MinimumVisualStudioVersion = 10.0.40219.1
Project("{FAE04EC0-301F-11D3-BF4B-00C04F79EFBC}") = "OcelotApiGateways", "src\OcelotApiGateways\OcelotApiGateways.csproj", "{BC0BDEBF-1013-4468-A803-99721992672F}"
EndProject
Project("{2150E333-8FDC-42A3-9474-1A3956D46DE8}") = "src", "src", "{AEF2A727-3233-4171-94F0-40C681C8401C}"
EndProject
Global
	GlobalSection(SolutionConfigurationPlatforms) = preSolution
		Debug|Any CPU = Debug|Any CPU
		Release|Any CPU = Release|Any CPU
	EndGlobalSection
	GlobalSection(ProjectConfigurationPlatforms) = postSolution
		{BC0BDEBF-1013-4468-A803-99721992672F}.Debug|Any CPU.ActiveCfg = Debug|Any CPU
		{BC0BDEBF-1013-4468-A803-99721992672F}.Debug|Any CPU.Build.0 = Debug|Any CPU
		{BC0BDEBF-1013-4468-A803-99721992672F}.Release|Any CPU.ActiveCfg = Release|Any CPU
		{BC0BDEBF-1013-4468-A803-99721992672F}.Release|Any CPU.Build.0 = Release|Any CPU
	EndGlobalSection
	GlobalSection(SolutionProperties) = preSolution
		HideSolutionNode = FALSE
	EndGlobalSection
	GlobalSection(NestedProjects) = preSolution
		{BC0BDEBF-1013-4468-A803-99721992672F} = {AEF2A727-3233-4171-94F0-40C681C8401C}
	EndGlobalSection
	GlobalSection(ExtensibilityGlobals) = postSolution
		SolutionGuid = {11031E50-91AD-488A-B909-E919E6C3F263}
	EndGlobalSection
EndGlobal
